
Microsoft Visual Studio Solution File, Format Version 12.00
# Visual Studio Version 17
VisualStudioVersion = 17.3.32929.385
MinimumVisualStudioVersion = 10.0.40219.1
Project("{2150E333-8FDC-42A3-9474-1A3956D46DE8}") = "Core", "Core", "{A243C217-3CA0-4577-9EB6-C3BB15E99321}"
EndProject
Project("{2150E333-8FDC-42A3-9474-1A3956D46DE8}") = "Infrastructure", "Infrastructure", "{DA744D82-9610-46D6-92F9-338913248263}"
EndProject
Project("{2150E333-8FDC-42A3-9474-1A3956D46DE8}") = "Presentation", "Presentation", "{21FF84CA-A28C-47C4-8B39-62486E1D95D3}"
EndProject
Project("{9A19103F-16F7-4668-BE54-9A1E7A4F7556}") = "ECommerce.Domain", "Core\ECommerce.Domain\ECommerce.Domain.csproj", "{03F99BD1-F03C-43F7-BE9D-881B7FF1F670}"
EndProject
Project("{9A19103F-16F7-4668-BE54-9A1E7A4F7556}") = "ECommerce.Application", "Core\ECommerce.Application\ECommerce.Application.csproj", "{0B6DB2EC-4695-4FF9-8FDE-BB53FFE5C14C}"
EndProject
Project("{9A19103F-16F7-4668-BE54-9A1E7A4F7556}") = "ECommerce.Infrastructure", "Infrastructure\ECommerce.Infrastructure\ECommerce.Infrastructure.csproj", "{19841DC2-0BA1-400E-978C-99C62DDD19B1}"
EndProject
Project("{9A19103F-16F7-4668-BE54-9A1E7A4F7556}") = "ECommerce.Persistence", "Infrastructure\ECommerce.Persistence\ECommerce.Persistence.csproj", "{20F5C4CC-8FC0-49E6-9707-56E29A5B9C5E}"
EndProject
Project("{2150E333-8FDC-42A3-9474-1A3956D46DE8}") = "Api", "Api", "{F201DBA5-EFEB-4CFC-BA60-30975234FEE9}"
EndProject
Project("{9A19103F-16F7-4668-BE54-9A1E7A4F7556}") = "ECommerce.WebApi", "Presentation\Api\ECommerce.WebApi\ECommerce.WebApi.csproj", "{23367CD1-B11C-4146-A43C-2985E4FFC00D}"
EndProject
Project("{9A19103F-16F7-4668-BE54-9A1E7A4F7556}") = "ECommerce.Mapper", "Core\ECommerce.Mapper\ECommerce.Mapper.csproj", "{573E99F2-8586-44BA-B9ED-CD44F7160E30}"
EndProject
Project("{9A19103F-16F7-4668-BE54-9A1E7A4F7556}") = "ECommerce.Resource", "Core\ECommerce.Resource\ECommerce.Resource.csproj", "{10E6E508-BC83-4CBC-B0FC-9A1C610BAAF5}"
EndProject
Project("{2150E333-8FDC-42A3-9474-1A3956D46DE8}") = "Test", "Test", "{5A3D9B8F-6514-4555-B223-10D4C7AAEBD4}"
EndProject
Project("{FAE04EC0-301F-11D3-BF4B-00C04F79EFBC}") = "ECommerce.RabbitMQ", "Infrastructure\ECommerce.RabbitMQ\ECommerce.RabbitMQ.csproj", "{F624D274-635A-4F61-A135-8776DED452B2}"
EndProject
Project("{9A19103F-16F7-4668-BE54-9A1E7A4F7556}") = "ECommerce.Persistence.Test", "Test\ECommerce.Persistence.Test\ECommerce.Persistence.Test.csproj", "{8F10F5E6-AFC9-4ABC-BEE2-2985BA430A42}"
EndProject
Project("{FAE04EC0-301F-11D3-BF4B-00C04F79EFBC}") = "ECommerce.ElasticSearch", "Core\ECommerce.ElasticSearch\ECommerce.ElasticSearch.csproj", "{D9ECAEE6-C797-47DF-8CB2-668DA2D3FECC}"
EndProject
Global
	GlobalSection(SolutionConfigurationPlatforms) = preSolution
		Debug|Any CPU = Debug|Any CPU
		Release|Any CPU = Release|Any CPU
	EndGlobalSection
	GlobalSection(ProjectConfigurationPlatforms) = postSolution
		{03F99BD1-F03C-43F7-BE9D-881B7FF1F670}.Debug|Any CPU.ActiveCfg = Debug|Any CPU
		{03F99BD1-F03C-43F7-BE9D-881B7FF1F670}.Debug|Any CPU.Build.0 = Debug|Any CPU
		{03F99BD1-F03C-43F7-BE9D-881B7FF1F670}.Release|Any CPU.ActiveCfg = Release|Any CPU
		{03F99BD1-F03C-43F7-BE9D-881B7FF1F670}.Release|Any CPU.Build.0 = Release|Any CPU
		{0B6DB2EC-4695-4FF9-8FDE-BB53FFE5C14C}.Debug|Any CPU.ActiveCfg = Debug|Any CPU
		{0B6DB2EC-4695-4FF9-8FDE-BB53FFE5C14C}.Debug|Any CPU.Build.0 = Debug|Any CPU
		{0B6DB2EC-4695-4FF9-8FDE-BB53FFE5C14C}.Release|Any CPU.ActiveCfg = Release|Any CPU
		{0B6DB2EC-4695-4FF9-8FDE-BB53FFE5C14C}.Release|Any CPU.Build.0 = Release|Any CPU
		{19841DC2-0BA1-400E-978C-99C62DDD19B1}.Debug|Any CPU.ActiveCfg = Debug|Any CPU
		{19841DC2-0BA1-400E-978C-99C62DDD19B1}.Debug|Any CPU.Build.0 = Debug|Any CPU
		{19841DC2-0BA1-400E-978C-99C62DDD19B1}.Release|Any CPU.ActiveCfg = Release|Any CPU
		{19841DC2-0BA1-400E-978C-99C62DDD19B1}.Release|Any CPU.Build.0 = Release|Any CPU
		{20F5C4CC-8FC0-49E6-9707-56E29A5B9C5E}.Debug|Any CPU.ActiveCfg = Debug|Any CPU
		{20F5C4CC-8FC0-49E6-9707-56E29A5B9C5E}.Debug|Any CPU.Build.0 = Debug|Any CPU
		{20F5C4CC-8FC0-49E6-9707-56E29A5B9C5E}.Release|Any CPU.ActiveCfg = Release|Any CPU
		{20F5C4CC-8FC0-49E6-9707-56E29A5B9C5E}.Release|Any CPU.Build.0 = Release|Any CPU
		{23367CD1-B11C-4146-A43C-2985E4FFC00D}.Debug|Any CPU.ActiveCfg = Debug|Any CPU
		{23367CD1-B11C-4146-A43C-2985E4FFC00D}.Debug|Any CPU.Build.0 = Debug|Any CPU
		{23367CD1-B11C-4146-A43C-2985E4FFC00D}.Release|Any CPU.ActiveCfg = Release|Any CPU
		{23367CD1-B11C-4146-A43C-2985E4FFC00D}.Release|Any CPU.Build.0 = Release|Any CPU
		{573E99F2-8586-44BA-B9ED-CD44F7160E30}.Debug|Any CPU.ActiveCfg = Debug|Any CPU
		{573E99F2-8586-44BA-B9ED-CD44F7160E30}.Debug|Any CPU.Build.0 = Debug|Any CPU
		{573E99F2-8586-44BA-B9ED-CD44F7160E30}.Release|Any CPU.ActiveCfg = Release|Any CPU
		{573E99F2-8586-44BA-B9ED-CD44F7160E30}.Release|Any CPU.Build.0 = Release|Any CPU
		{10E6E508-BC83-4CBC-B0FC-9A1C610BAAF5}.Debug|Any CPU.ActiveCfg = Debug|Any CPU
		{10E6E508-BC83-4CBC-B0FC-9A1C610BAAF5}.Debug|Any CPU.Build.0 = Debug|Any CPU
		{10E6E508-BC83-4CBC-B0FC-9A1C610BAAF5}.Release|Any CPU.ActiveCfg = Release|Any CPU
		{10E6E508-BC83-4CBC-B0FC-9A1C610BAAF5}.Release|Any CPU.Build.0 = Release|Any CPU
		{F624D274-635A-4F61-A135-8776DED452B2}.Debug|Any CPU.ActiveCfg = Debug|Any CPU
		{F624D274-635A-4F61-A135-8776DED452B2}.Debug|Any CPU.Build.0 = Debug|Any CPU
		{F624D274-635A-4F61-A135-8776DED452B2}.Release|Any CPU.ActiveCfg = Release|Any CPU
		{F624D274-635A-4F61-A135-8776DED452B2}.Release|Any CPU.Build.0 = Release|Any CPU
		{8F10F5E6-AFC9-4ABC-BEE2-2985BA430A42}.Debug|Any CPU.ActiveCfg = Debug|Any CPU
		{8F10F5E6-AFC9-4ABC-BEE2-2985BA430A42}.Debug|Any CPU.Build.0 = Debug|Any CPU
		{8F10F5E6-AFC9-4ABC-BEE2-2985BA430A42}.Release|Any CPU.ActiveCfg = Release|Any CPU
		{8F10F5E6-AFC9-4ABC-BEE2-2985BA430A42}.Release|Any CPU.Build.0 = Release|Any CPU
		{D9ECAEE6-C797-47DF-8CB2-668DA2D3FECC}.Debug|Any CPU.ActiveCfg = Debug|Any CPU
		{D9ECAEE6-C797-47DF-8CB2-668DA2D3FECC}.Debug|Any CPU.Build.0 = Debug|Any CPU
		{D9ECAEE6-C797-47DF-8CB2-668DA2D3FECC}.Release|Any CPU.ActiveCfg = Release|Any CPU
		{D9ECAEE6-C797-47DF-8CB2-668DA2D3FECC}.Release|Any CPU.Build.0 = Release|Any CPU
	EndGlobalSection
	GlobalSection(SolutionProperties) = preSolution
		HideSolutionNode = FALSE
	EndGlobalSection
	GlobalSection(NestedProjects) = preSolution
		{03F99BD1-F03C-43F7-BE9D-881B7FF1F670} = {A243C217-3CA0-4577-9EB6-C3BB15E99321}
		{0B6DB2EC-4695-4FF9-8FDE-BB53FFE5C14C} = {A243C217-3CA0-4577-9EB6-C3BB15E99321}
		{19841DC2-0BA1-400E-978C-99C62DDD19B1} = {DA744D82-9610-46D6-92F9-338913248263}
		{20F5C4CC-8FC0-49E6-9707-56E29A5B9C5E} = {DA744D82-9610-46D6-92F9-338913248263}
		{F201DBA5-EFEB-4CFC-BA60-30975234FEE9} = {21FF84CA-A28C-47C4-8B39-62486E1D95D3}
		{23367CD1-B11C-4146-A43C-2985E4FFC00D} = {F201DBA5-EFEB-4CFC-BA60-30975234FEE9}
		{573E99F2-8586-44BA-B9ED-CD44F7160E30} = {A243C217-3CA0-4577-9EB6-C3BB15E99321}
		{10E6E508-BC83-4CBC-B0FC-9A1C610BAAF5} = {A243C217-3CA0-4577-9EB6-C3BB15E99321}
		{F624D274-635A-4F61-A135-8776DED452B2} = {DA744D82-9610-46D6-92F9-338913248263}
		{8F10F5E6-AFC9-4ABC-BEE2-2985BA430A42} = {5A3D9B8F-6514-4555-B223-10D4C7AAEBD4}
		{D9ECAEE6-C797-47DF-8CB2-668DA2D3FECC} = {A243C217-3CA0-4577-9EB6-C3BB15E99321}
	EndGlobalSection
	GlobalSection(ExtensibilityGlobals) = postSolution
		SolutionGuid = {F2C558CB-C537-4B89-828C-C6D4F993F439}
	EndGlobalSection
EndGlobal
